// !$*UTF8*$!
{
	archiveVersion = 1;
	classes = {
	};
	objectVersion = 51;
	objects = {

/* Begin PBXBuildFile section */
		72390190262973EC00AA9C64 /* ServiceCell.swift in Sources */ = {isa = PBXBuildFile; fileRef = 7239018F262973EC00AA9C64 /* ServiceCell.swift */; };
		7239019426297B8D00AA9C64 /* ServiceCollection.swift in Sources */ = {isa = PBXBuildFile; fileRef = 7239019326297B8D00AA9C64 /* ServiceCollection.swift */; };
		7239019726297CA500AA9C64 /* ServiceCellInfo.swift in Sources */ = {isa = PBXBuildFile; fileRef = 7239019626297CA500AA9C64 /* ServiceCellInfo.swift */; };
		72AF86472626D2310070FA98 /* AppDelegate.swift in Sources */ = {isa = PBXBuildFile; fileRef = 72AF86462626D2310070FA98 /* AppDelegate.swift */; };
		72AF864B2626D2310070FA98 /* HomeVC.swift in Sources */ = {isa = PBXBuildFile; fileRef = 72AF864A2626D2310070FA98 /* HomeVC.swift */; };
		72AF86502626D2320070FA98 /* Assets.xcassets in Resources */ = {isa = PBXBuildFile; fileRef = 72AF864F2626D2320070FA98 /* Assets.xcassets */; };
		72AF86532626D2320070FA98 /* LaunchScreen.storyboard in Resources */ = {isa = PBXBuildFile; fileRef = 72AF86512626D2320070FA98 /* LaunchScreen.storyboard */; };
		72AF86602626D3650070FA98 /* Base.swift in Sources */ = {isa = PBXBuildFile; fileRef = 72AF865F2626D3650070FA98 /* Base.swift */; };
		72AF86652626D3AD0070FA98 /* HomeView.swift in Sources */ = {isa = PBXBuildFile; fileRef = 72AF86642626D3AD0070FA98 /* HomeView.swift */; };
		72AF86692626D5570070FA98 /* HomeViewModel.swift in Sources */ = {isa = PBXBuildFile; fileRef = 72AF86682626D5570070FA98 /* HomeViewModel.swift */; };
		72B568492626EF4E0014DA77 /* HomeModel.swift in Sources */ = {isa = PBXBuildFile; fileRef = 72B568482626EF4E0014DA77 /* HomeModel.swift */; };
		72B62F7B262EA75A00B96ED3 /* SlideCell.swift in Sources */ = {isa = PBXBuildFile; fileRef = 72B62F7A262EA75A00B96ED3 /* SlideCell.swift */; };
		72B62F7F262EA76300B96ED3 /* SlideCollection.swift in Sources */ = {isa = PBXBuildFile; fileRef = 72B62F7E262EA76300B96ED3 /* SlideCollection.swift */; };
		72B62F82262EA76C00B96ED3 /* SlideCellInfo.swift in Sources */ = {isa = PBXBuildFile; fileRef = 72B62F81262EA76C00B96ED3 /* SlideCellInfo.swift */; };
		72ED855C262D662D00F3A0A5 /* HealthCollection.swift in Sources */ = {isa = PBXBuildFile; fileRef = 72ED855B262D662D00F3A0A5 /* HealthCollection.swift */; };
		72ED8560262D667800F3A0A5 /* HealthCellInfo.swift in Sources */ = {isa = PBXBuildFile; fileRef = 72ED855F262D667800F3A0A5 /* HealthCellInfo.swift */; };
		72ED8563262D66A000F3A0A5 /* HealthCell.swift in Sources */ = {isa = PBXBuildFile; fileRef = 72ED8562262D66A000F3A0A5 /* HealthCell.swift */; };
		850B3861CB92404021051951 /* Pods_MediPass.framework in Frameworks */ = {isa = PBXBuildFile; fileRef = 5C44688C07544FACCDF280CF /* Pods_MediPass.framework */; };
/* End PBXBuildFile section */

/* Begin PBXFileReference section */
		0CB945DBE3CF031B9EFCF0CB /* Pods-MediPass.debug.xcconfig */ = {isa = PBXFileReference; includeInIndex = 1; lastKnownFileType = text.xcconfig; name = "Pods-MediPass.debug.xcconfig"; path = "Target Support Files/Pods-MediPass/Pods-MediPass.debug.xcconfig"; sourceTree = "<group>"; };
		5C44688C07544FACCDF280CF /* Pods_MediPass.framework */ = {isa = PBXFileReference; explicitFileType = wrapper.framework; includeInIndex = 0; path = Pods_MediPass.framework; sourceTree = BUILT_PRODUCTS_DIR; };
		7239018F262973EC00AA9C64 /* ServiceCell.swift */ = {isa = PBXFileReference; lastKnownFileType = sourcecode.swift; path = ServiceCell.swift; sourceTree = "<group>"; };
		7239019326297B8D00AA9C64 /* ServiceCollection.swift */ = {isa = PBXFileReference; lastKnownFileType = sourcecode.swift; path = ServiceCollection.swift; sourceTree = "<group>"; };
		7239019626297CA500AA9C64 /* ServiceCellInfo.swift */ = {isa = PBXFileReference; lastKnownFileType = sourcecode.swift; path = ServiceCellInfo.swift; sourceTree = "<group>"; };
		72AF86432626D2310070FA98 /* MediPass.app */ = {isa = PBXFileReference; explicitFileType = wrapper.application; includeInIndex = 0; path = MediPass.app; sourceTree = BUILT_PRODUCTS_DIR; };
		72AF86462626D2310070FA98 /* AppDelegate.swift */ = {isa = PBXFileReference; lastKnownFileType = sourcecode.swift; path = AppDelegate.swift; sourceTree = "<group>"; };
		72AF864A2626D2310070FA98 /* HomeVC.swift */ = {isa = PBXFileReference; lastKnownFileType = sourcecode.swift; path = HomeVC.swift; sourceTree = "<group>"; };
		72AF864F2626D2320070FA98 /* Assets.xcassets */ = {isa = PBXFileReference; lastKnownFileType = folder.assetcatalog; path = Assets.xcassets; sourceTree = "<group>"; };
		72AF86522626D2320070FA98 /* Base */ = {isa = PBXFileReference; lastKnownFileType = file.storyboard; name = Base; path = Base.lproj/LaunchScreen.storyboard; sourceTree = "<group>"; };
		72AF86542626D2320070FA98 /* Info.plist */ = {isa = PBXFileReference; lastKnownFileType = text.plist.xml; path = Info.plist; sourceTree = "<group>"; };
		72AF865F2626D3650070FA98 /* Base.swift */ = {isa = PBXFileReference; lastKnownFileType = sourcecode.swift; path = Base.swift; sourceTree = "<group>"; };
		72AF86642626D3AD0070FA98 /* HomeView.swift */ = {isa = PBXFileReference; lastKnownFileType = sourcecode.swift; path = HomeView.swift; sourceTree = "<group>"; };
		72AF86682626D5570070FA98 /* HomeViewModel.swift */ = {isa = PBXFileReference; lastKnownFileType = sourcecode.swift; path = HomeViewModel.swift; sourceTree = "<group>"; };
		72B568482626EF4E0014DA77 /* HomeModel.swift */ = {isa = PBXFileReference; lastKnownFileType = sourcecode.swift; path = HomeModel.swift; sourceTree = "<group>"; };
		72B62F7A262EA75A00B96ED3 /* SlideCell.swift */ = {isa = PBXFileReference; lastKnownFileType = sourcecode.swift; path = SlideCell.swift; sourceTree = "<group>"; };
		72B62F7E262EA76300B96ED3 /* SlideCollection.swift */ = {isa = PBXFileReference; lastKnownFileType = sourcecode.swift; path = SlideCollection.swift; sourceTree = "<group>"; };
		72B62F81262EA76C00B96ED3 /* SlideCellInfo.swift */ = {isa = PBXFileReference; lastKnownFileType = sourcecode.swift; path = SlideCellInfo.swift; sourceTree = "<group>"; };
		72ED855B262D662D00F3A0A5 /* HealthCollection.swift */ = {isa = PBXFileReference; lastKnownFileType = sourcecode.swift; path = HealthCollection.swift; sourceTree = "<group>"; };
		72ED855F262D667800F3A0A5 /* HealthCellInfo.swift */ = {isa = PBXFileReference; lastKnownFileType = sourcecode.swift; path = HealthCellInfo.swift; sourceTree = "<group>"; };
		72ED8562262D66A000F3A0A5 /* HealthCell.swift */ = {isa = PBXFileReference; lastKnownFileType = sourcecode.swift; path = HealthCell.swift; sourceTree = "<group>"; };
		A6DE36907F076DCE338EBEF5 /* Pods-MediPass.release.xcconfig */ = {isa = PBXFileReference; includeInIndex = 1; lastKnownFileType = text.xcconfig; name = "Pods-MediPass.release.xcconfig"; path = "Target Support Files/Pods-MediPass/Pods-MediPass.release.xcconfig"; sourceTree = "<group>"; };
/* End PBXFileReference section */

/* Begin PBXFrameworksBuildPhase section */
		72AF86402626D2310070FA98 /* Frameworks */ = {
			isa = PBXFrameworksBuildPhase;
			buildActionMask = 2147483647;
			files = (
				850B3861CB92404021051951 /* Pods_MediPass.framework in Frameworks */,
			);
			runOnlyForDeploymentPostprocessing = 0;
		};
/* End PBXFrameworksBuildPhase section */

/* Begin PBXGroup section */
		7239018E262972B800AA9C64 /* factor */ = {
			isa = PBXGroup;
			children = (
				72B62F79262EA74A00B96ED3 /* slideCollection */,
				72ED855A262D661F00F3A0A5 /* healthCollection */,
				72ED8559262D660B00F3A0A5 /* serviceCollection */,
			);
			path = factor;
			sourceTree = "<group>";
		};
		72AF863A2626D2310070FA98 = {
			isa = PBXGroup;
			children = (
				72AF86452626D2310070FA98 /* MediPass */,
				72AF86442626D2310070FA98 /* Products */,
				93EBF4B2F8C288989B8B048F /* Pods */,
				D2467EF06EB452602C2F8861 /* Frameworks */,
			);
			sourceTree = "<group>";
		};
		72AF86442626D2310070FA98 /* Products */ = {
			isa = PBXGroup;
			children = (
				72AF86432626D2310070FA98 /* MediPass.app */,
			);
			name = Products;
			sourceTree = "<group>";
		};
		72AF86452626D2310070FA98 /* MediPass */ = {
			isa = PBXGroup;
			children = (
				72AF86632626D3A00070FA98 /* home */,
				72AF865E2626D3490070FA98 /* baseclass */,
				72AF86462626D2310070FA98 /* AppDelegate.swift */,
				72AF864F2626D2320070FA98 /* Assets.xcassets */,
				72AF86512626D2320070FA98 /* LaunchScreen.storyboard */,
				72AF86542626D2320070FA98 /* Info.plist */,
			);
			path = MediPass;
			sourceTree = "<group>";
		};
		72AF865E2626D3490070FA98 /* baseclass */ = {
			isa = PBXGroup;
			children = (
				72AF865F2626D3650070FA98 /* Base.swift */,
			);
			path = baseclass;
			sourceTree = "<group>";
		};
		72AF86632626D3A00070FA98 /* home */ = {
			isa = PBXGroup;
			children = (
				7239018E262972B800AA9C64 /* factor */,
				72AF864A2626D2310070FA98 /* HomeVC.swift */,
				72AF86642626D3AD0070FA98 /* HomeView.swift */,
				72AF86682626D5570070FA98 /* HomeViewModel.swift */,
				72B568482626EF4E0014DA77 /* HomeModel.swift */,
			);
			path = home;
			sourceTree = "<group>";
		};
		72B62F79262EA74A00B96ED3 /* slideCollection */ = {
			isa = PBXGroup;
			children = (
				72B62F7A262EA75A00B96ED3 /* SlideCell.swift */,
				72B62F7E262EA76300B96ED3 /* SlideCollection.swift */,
				72B62F81262EA76C00B96ED3 /* SlideCellInfo.swift */,
			);
			path = slideCollection;
			sourceTree = "<group>";
		};
		72ED8559262D660B00F3A0A5 /* serviceCollection */ = {
			isa = PBXGroup;
			children = (
				7239018F262973EC00AA9C64 /* ServiceCell.swift */,
				7239019326297B8D00AA9C64 /* ServiceCollection.swift */,
				7239019626297CA500AA9C64 /* ServiceCellInfo.swift */,
			);
			path = serviceCollection;
			sourceTree = "<group>";
		};
		72ED855A262D661F00F3A0A5 /* healthCollection */ = {
			isa = PBXGroup;
			children = (
				72ED8562262D66A000F3A0A5 /* HealthCell.swift */,
				72ED855B262D662D00F3A0A5 /* HealthCollection.swift */,
				72ED855F262D667800F3A0A5 /* HealthCellInfo.swift */,
			);
			path = healthCollection;
			sourceTree = "<group>";
		};
		93EBF4B2F8C288989B8B048F /* Pods */ = {
			isa = PBXGroup;
			children = (
				0CB945DBE3CF031B9EFCF0CB /* Pods-MediPass.debug.xcconfig */,
				A6DE36907F076DCE338EBEF5 /* Pods-MediPass.release.xcconfig */,
			);
			path = Pods;
			sourceTree = "<group>";
		};
		D2467EF06EB452602C2F8861 /* Frameworks */ = {
			isa = PBXGroup;
			children = (
				5C44688C07544FACCDF280CF /* Pods_MediPass.framework */,
			);
			name = Frameworks;
			sourceTree = "<group>";
		};
/* End PBXGroup section */

/* Begin PBXNativeTarget section */
		72AF86422626D2310070FA98 /* MediPass */ = {
			isa = PBXNativeTarget;
			buildConfigurationList = 72AF86572626D2320070FA98 /* Build configuration list for PBXNativeTarget "MediPass" */;
			buildPhases = (
				78DCAD8B1F643C64A5A7AC3A /* [CP] Check Pods Manifest.lock */,
				72AF863F2626D2310070FA98 /* Sources */,
				72AF86402626D2310070FA98 /* Frameworks */,
				72AF86412626D2310070FA98 /* Resources */,
				AE921643B46993D9A30AE495 /* [CP] Embed Pods Frameworks */,
			);
			buildRules = (
			);
			dependencies = (
			);
			name = MediPass;
			productName = MediPass;
			productReference = 72AF86432626D2310070FA98 /* MediPass.app */;
			productType = "com.apple.product-type.application";
		};
/* End PBXNativeTarget section */

/* Begin PBXProject section */
		72AF863B2626D2310070FA98 /* Project object */ = {
			isa = PBXProject;
			attributes = {
				LastSwiftUpdateCheck = 1240;
				LastUpgradeCheck = 1240;
				TargetAttributes = {
					72AF86422626D2310070FA98 = {
						CreatedOnToolsVersion = 12.4;
					};
				};
			};
			buildConfigurationList = 72AF863E2626D2310070FA98 /* Build configuration list for PBXProject "MediPass" */;
			compatibilityVersion = "Xcode 9.3";
			developmentRegion = en;
			hasScannedForEncodings = 0;
			knownRegions = (
				en,
				Base,
			);
			mainGroup = 72AF863A2626D2310070FA98;
			productRefGroup = 72AF86442626D2310070FA98 /* Products */;
			projectDirPath = "";
			projectRoot = "";
			targets = (
				72AF86422626D2310070FA98 /* MediPass */,
			);
		};
/* End PBXProject section */

/* Begin PBXResourcesBuildPhase section */
		72AF86412626D2310070FA98 /* Resources */ = {
			isa = PBXResourcesBuildPhase;
			buildActionMask = 2147483647;
			files = (
				72AF86532626D2320070FA98 /* LaunchScreen.storyboard in Resources */,
				72AF86502626D2320070FA98 /* Assets.xcassets in Resources */,
			);
			runOnlyForDeploymentPostprocessing = 0;
		};
/* End PBXResourcesBuildPhase section */

/* Begin PBXShellScriptBuildPhase section */
		78DCAD8B1F643C64A5A7AC3A /* [CP] Check Pods Manifest.lock */ = {
			isa = PBXShellScriptBuildPhase;
			buildActionMask = 2147483647;
			files = (
			);
			inputFileListPaths = (
			);
			inputPaths = (
				"${PODS_PODFILE_DIR_PATH}/Podfile.lock",
				"${PODS_ROOT}/Manifest.lock",
			);
			name = "[CP] Check Pods Manifest.lock";
			outputFileListPaths = (
			);
			outputPaths = (
				"$(DERIVED_FILE_DIR)/Pods-MediPass-checkManifestLockResult.txt",
			);
			runOnlyForDeploymentPostprocessing = 0;
			shellPath = /bin/sh;
			shellScript = "diff \"${PODS_PODFILE_DIR_PATH}/Podfile.lock\" \"${PODS_ROOT}/Manifest.lock\" > /dev/null\nif [ $? != 0 ] ; then\n    # print error to STDERR\n    echo \"error: The sandbox is not in sync with the Podfile.lock. Run 'pod install' or update your CocoaPods installation.\" >&2\n    exit 1\nfi\n# This output is used by Xcode 'outputs' to avoid re-running this script phase.\necho \"SUCCESS\" > \"${SCRIPT_OUTPUT_FILE_0}\"\n";
			showEnvVarsInLog = 0;
		};
		AE921643B46993D9A30AE495 /* [CP] Embed Pods Frameworks */ = {
			isa = PBXShellScriptBuildPhase;
			buildActionMask = 2147483647;
			files = (
			);
			inputFileListPaths = (
				"${PODS_ROOT}/Target Support Files/Pods-MediPass/Pods-MediPass-frameworks-${CONFIGURATION}-input-files.xcfilelist",
			);
			name = "[CP] Embed Pods Frameworks";
			outputFileListPaths = (
				"${PODS_ROOT}/Target Support Files/Pods-MediPass/Pods-MediPass-frameworks-${CONFIGURATION}-output-files.xcfilelist",
			);
			runOnlyForDeploymentPostprocessing = 0;
			shellPath = /bin/sh;
			shellScript = "\"${PODS_ROOT}/Target Support Files/Pods-MediPass/Pods-MediPass-frameworks.sh\"\n";
			showEnvVarsInLog = 0;
		};
/* End PBXShellScriptBuildPhase section */

/* Begin PBXSourcesBuildPhase section */
		72AF863F2626D2310070FA98 /* Sources */ = {
			isa = PBXSourcesBuildPhase;
			buildActionMask = 2147483647;
			files = (
				72B62F82262EA76C00B96ED3 /* SlideCellInfo.swift in Sources */,
				72AF86602626D3650070FA98 /* Base.swift in Sources */,
				72AF86652626D3AD0070FA98 /* HomeView.swift in Sources */,
				72B568492626EF4E0014DA77 /* HomeModel.swift in Sources */,
				72B62F7B262EA75A00B96ED3 /* SlideCell.swift in Sources */,
				72390190262973EC00AA9C64 /* ServiceCell.swift in Sources */,
				72B62F7F262EA76300B96ED3 /* SlideCollection.swift in Sources */,
				7239019726297CA500AA9C64 /* ServiceCellInfo.swift in Sources */,
				72ED855C262D662D00F3A0A5 /* HealthCollection.swift in Sources */,
				72AF864B2626D2310070FA98 /* HomeVC.swift in Sources */,
				72AF86692626D5570070FA98 /* HomeViewModel.swift in Sources */,
				72AF86472626D2310070FA98 /* AppDelegate.swift in Sources */,
				72ED8563262D66A000F3A0A5 /* HealthCell.swift in Sources */,
				72ED8560262D667800F3A0A5 /* HealthCellInfo.swift in Sources */,
				7239019426297B8D00AA9C64 /* ServiceCollection.swift in Sources */,
			);
			runOnlyForDeploymentPostprocessing = 0;
		};
/* End PBXSourcesBuildPhase section */

/* Begin PBXVariantGroup section */
		72AF86512626D2320070FA98 /* LaunchScreen.storyboard */ = {
			isa = PBXVariantGroup;
			children = (
				72AF86522626D2320070FA98 /* Base */,
			);
			name = LaunchScreen.storyboard;
			sourceTree = "<group>";
		};
/* End PBXVariantGroup section */

/* Begin XCBuildConfiguration section */
		72AF86552626D2320070FA98 /* Debug */ = {
			isa = XCBuildConfiguration;
			buildSettings = {
				ALWAYS_SEARCH_USER_PATHS = NO;
				CLANG_ANALYZER_NONNULL = YES;
				CLANG_ANALYZER_NUMBER_OBJECT_CONVERSION = YES_AGGRESSIVE;
				CLANG_CXX_LANGUAGE_STANDARD = "gnu++14";
				CLANG_CXX_LIBRARY = "libc++";
				CLANG_ENABLE_MODULES = YES;
				CLANG_ENABLE_OBJC_ARC = YES;
				CLANG_ENABLE_OBJC_WEAK = YES;
				CLANG_WARN_BLOCK_CAPTURE_AUTORELEASING = YES;
				CLANG_WARN_BOOL_CONVERSION = YES;
				CLANG_WARN_COMMA = YES;
				CLANG_WARN_CONSTANT_CONVERSION = YES;
				CLANG_WARN_DEPRECATED_OBJC_IMPLEMENTATIONS = YES;
				CLANG_WARN_DIRECT_OBJC_ISA_USAGE = YES_ERROR;
				CLANG_WARN_DOCUMENTATION_COMMENTS = YES;
				CLANG_WARN_EMPTY_BODY = YES;
				CLANG_WARN_ENUM_CONVERSION = YES;
				CLANG_WARN_INFINITE_RECURSION = YES;
				CLANG_WARN_INT_CONVERSION = YES;
				CLANG_WARN_NON_LITERAL_NULL_CONVERSION = YES;
				CLANG_WARN_OBJC_IMPLICIT_RETAIN_SELF = YES;
				CLANG_WARN_OBJC_LITERAL_CONVERSION = YES;
				CLANG_WARN_OBJC_ROOT_CLASS = YES_ERROR;
				CLANG_WARN_QUOTED_INCLUDE_IN_FRAMEWORK_HEADER = YES;
				CLANG_WARN_RANGE_LOOP_ANALYSIS = YES;
				CLANG_WARN_STRICT_PROTOTYPES = YES;
				CLANG_WARN_SUSPICIOUS_MOVE = YES;
				CLANG_WARN_UNGUARDED_AVAILABILITY = YES_AGGRESSIVE;
				CLANG_WARN_UNREACHABLE_CODE = YES;
				CLANG_WARN__DUPLICATE_METHOD_MATCH = YES;
				COPY_PHASE_STRIP = NO;
				DEBUG_INFORMATION_FORMAT = dwarf;
				ENABLE_STRICT_OBJC_MSGSEND = YES;
				ENABLE_TESTABILITY = YES;
				GCC_C_LANGUAGE_STANDARD = gnu11;
				GCC_DYNAMIC_NO_PIC = NO;
				GCC_NO_COMMON_BLOCKS = YES;
				GCC_OPTIMIZATION_LEVEL = 0;
				GCC_PREPROCESSOR_DEFINITIONS = (
					"DEBUG=1",
					"$(inherited)",
				);
				GCC_WARN_64_TO_32_BIT_CONVERSION = YES;
				GCC_WARN_ABOUT_RETURN_TYPE = YES_ERROR;
				GCC_WARN_UNDECLARED_SELECTOR = YES;
				GCC_WARN_UNINITIALIZED_AUTOS = YES_AGGRESSIVE;
				GCC_WARN_UNUSED_FUNCTION = YES;
				GCC_WARN_UNUSED_VARIABLE = YES;
				IPHONEOS_DEPLOYMENT_TARGET = 14.4;
				MTL_ENABLE_DEBUG_INFO = INCLUDE_SOURCE;
				MTL_FAST_MATH = YES;
				ONLY_ACTIVE_ARCH = YES;
				SDKROOT = iphoneos;
				SWIFT_ACTIVE_COMPILATION_CONDITIONS = DEBUG;
				SWIFT_OPTIMIZATION_LEVEL = "-Onone";
			};
			name = Debug;
		};
		72AF86562626D2320070FA98 /* Release */ = {
			isa = XCBuildConfiguration;
			buildSettings = {
				ALWAYS_SEARCH_USER_PATHS = NO;
				CLANG_ANALYZER_NONNULL = YES;
				CLANG_ANALYZER_NUMBER_OBJECT_CONVERSION = YES_AGGRESSIVE;
				CLANG_CXX_LANGUAGE_STANDARD = "gnu++14";
				CLANG_CXX_LIBRARY = "libc++";
				CLANG_ENABLE_MODULES = YES;
				CLANG_ENABLE_OBJC_ARC = YES;
				CLANG_ENABLE_OBJC_WEAK = YES;
				CLANG_WARN_BLOCK_CAPTURE_AUTORELEASING = YES;
				CLANG_WARN_BOOL_CONVERSION = YES;
				CLANG_WARN_COMMA = YES;
				CLANG_WARN_CONSTANT_CONVERSION = YES;
				CLANG_WARN_DEPRECATED_OBJC_IMPLEMENTATIONS = YES;
				CLANG_WARN_DIRECT_OBJC_ISA_USAGE = YES_ERROR;
				CLANG_WARN_DOCUMENTATION_COMMENTS = YES;
				CLANG_WARN_EMPTY_BODY = YES;
				CLANG_WARN_ENUM_CONVERSION = YES;
				CLANG_WARN_INFINITE_RECURSION = YES;
				CLANG_WARN_INT_CONVERSION = YES;
				CLANG_WARN_NON_LITERAL_NULL_CONVERSION = YES;
				CLANG_WARN_OBJC_IMPLICIT_RETAIN_SELF = YES;
				CLANG_WARN_OBJC_LITERAL_CONVERSION = YES;
				CLANG_WARN_OBJC_ROOT_CLASS = YES_ERROR;
				CLANG_WARN_QUOTED_INCLUDE_IN_FRAMEWORK_HEADER = YES;
				CLANG_WARN_RANGE_LOOP_ANALYSIS = YES;
				CLANG_WARN_STRICT_PROTOTYPES = YES;
				CLANG_WARN_SUSPICIOUS_MOVE = YES;
				CLANG_WARN_UNGUARDED_AVAILABILITY = YES_AGGRESSIVE;
				CLANG_WARN_UNREACHABLE_CODE = YES;
				CLANG_WARN__DUPLICATE_METHOD_MATCH = YES;
				COPY_PHASE_STRIP = NO;
				DEBUG_INFORMATION_FORMAT = "dwarf-with-dsym";
				ENABLE_NS_ASSERTIONS = NO;
				ENABLE_STRICT_OBJC_MSGSEND = YES;
				GCC_C_LANGUAGE_STANDARD = gnu11;
				GCC_NO_COMMON_BLOCKS = YES;
				GCC_WARN_64_TO_32_BIT_CONVERSION = YES;
				GCC_WARN_ABOUT_RETURN_TYPE = YES_ERROR;
				GCC_WARN_UNDECLARED_SELECTOR = YES;
				GCC_WARN_UNINITIALIZED_AUTOS = YES_AGGRESSIVE;
				GCC_WARN_UNUSED_FUNCTION = YES;
				GCC_WARN_UNUSED_VARIABLE = YES;
				IPHONEOS_DEPLOYMENT_TARGET = 14.4;
				MTL_ENABLE_DEBUG_INFO = NO;
				MTL_FAST_MATH = YES;
				SDKROOT = iphoneos;
				SWIFT_COMPILATION_MODE = wholemodule;
				SWIFT_OPTIMIZATION_LEVEL = "-O";
				VALIDATE_PRODUCT = YES;
			};
			name = Release;
		};
		72AF86582626D2320070FA98 /* Debug */ = {
			isa = XCBuildConfiguration;
			baseConfigurationReference = 0CB945DBE3CF031B9EFCF0CB /* Pods-MediPass.debug.xcconfig */;
			buildSettings = {
				ASSETCATALOG_COMPILER_APPICON_NAME = AppIcon;
				ASSETCATALOG_COMPILER_GLOBAL_ACCENT_COLOR_NAME = AccentColor;
				CODE_SIGN_STYLE = Automatic;
				DEVELOPMENT_TEAM = LHMNAPQ6N7;
				INFOPLIST_FILE = MediPass/Info.plist;
				LD_RUNPATH_SEARCH_PATHS = (
					"$(inherited)",
					"@executable_path/Frameworks",
				);
				PRODUCT_BUNDLE_IDENTIFIER = practice.MediPass;
				PRODUCT_NAME = "$(TARGET_NAME)";
				SWIFT_VERSION = 5.0;
				TARGETED_DEVICE_FAMILY = "1,2";
			};
			name = Debug;
		};
		72AF86592626D2320070FA98 /* Release */ = {
			isa = XCBuildConfiguration;
			baseConfigurationReference = A6DE36907F076DCE338EBEF5 /* Pods-MediPass.release.xcconfig */;
			buildSettings = {
				ASSETCATALOG_COMPILER_APPICON_NAME = AppIcon;
				ASSETCATALOG_COMPILER_GLOBAL_ACCENT_COLOR_NAME = AccentColor;
				CODE_SIGN_STYLE = Automatic;
				DEVELOPMENT_TEAM = LHMNAPQ6N7;
				INFOPLIST_FILE = MediPass/Info.plist;
				LD_RUNPATH_SEARCH_PATHS = (
					"$(inherited)",
					"@executable_path/Frameworks",
				);
				PRODUCT_BUNDLE_IDENTIFIER = practice.MediPass;
				PRODUCT_NAME = "$(TARGET_NAME)";
				SWIFT_VERSION = 5.0;
				TARGETED_DEVICE_FAMILY = "1,2";
			};
			name = Release;
		};
/* End XCBuildConfiguration section */

/* Begin XCConfigurationList section */
		72AF863E2626D2310070FA98 /* Build configuration list for PBXProject "MediPass" */ = {
			isa = XCConfigurationList;
			buildConfigurations = (
				72AF86552626D2320070FA98 /* Debug */,
				72AF86562626D2320070FA98 /* Release */,
			);
			defaultConfigurationIsVisible = 0;
			defaultConfigurationName = Release;
		};
		72AF86572626D2320070FA98 /* Build configuration list for PBXNativeTarget "MediPass" */ = {
			isa = XCConfigurationList;
			buildConfigurations = (
				72AF86582626D2320070FA98 /* Debug */,
				72AF86592626D2320070FA98 /* Release */,
			);
			defaultConfigurationIsVisible = 0;
			defaultConfigurationName = Release;
		};
/* End XCConfigurationList section */
	};
	rootObject = 72AF863B2626D2310070FA98 /* Project object */;
}
